// !$*UTF8*$!
{
	archiveVersion = 1;
	classes = {
	};
	objectVersion = 50;
	objects = {

/* Begin PBXBuildFile section */
		3FFE5BC72410A2E400829F45 /* Date.swift in Sources */ = {isa = PBXBuildFile; fileRef = 3FFE5BC62410A2E400829F45 /* Date.swift */; };
		3FFE5BCC2410ACDA00829F45 /* DateExtension.swift in Sources */ = {isa = PBXBuildFile; fileRef = 3FFE5BCB2410ACDA00829F45 /* DateExtension.swift */; };
		3FFE5BCE2410B12100829F45 /* AudiobookFileError.swift in Sources */ = {isa = PBXBuildFile; fileRef = 3FFE5BCD2410B12100829F45 /* AudiobookFileError.swift */; };
		5131F2A92410679300EC7DF4 /* DateFormatterExtension.swift in Sources */ = {isa = PBXBuildFile; fileRef = 5131F2A82410679300EC7DF4 /* DateFormatterExtension.swift */; };
		51332FF12410B7C500F7E0D2 /* testfile-chaptered.mp3 in Resources */ = {isa = PBXBuildFile; fileRef = 51332FEF2410B7C500F7E0D2 /* testfile-chaptered.mp3 */; };
		51332FF22410B7C500F7E0D2 /* testfile-chaptered.m4b in Resources */ = {isa = PBXBuildFile; fileRef = 51332FF02410B7C500F7E0D2 /* testfile-chaptered.m4b */; };
		514E1527240610C5008FE28A /* AppDelegate.swift in Sources */ = {isa = PBXBuildFile; fileRef = 514E1526240610C5008FE28A /* AppDelegate.swift */; };
		514E1529240610C6008FE28A /* Assets.xcassets in Resources */ = {isa = PBXBuildFile; fileRef = 514E1528240610C6008FE28A /* Assets.xcassets */; };
		514E155724061179008FE28A /* WriteTesterViewController.swift in Sources */ = {isa = PBXBuildFile; fileRef = 514E155124061179008FE28A /* WriteTesterViewController.swift */; };
		514E155824061179008FE28A /* WriteTester.storyboard in Resources */ = {isa = PBXBuildFile; fileRef = 514E155224061179008FE28A /* WriteTester.storyboard */; };
		514E155924061179008FE28A /* AudiobookType.swift in Sources */ = {isa = PBXBuildFile; fileRef = 514E155324061179008FE28A /* AudiobookType.swift */; };
		514E155B24061179008FE28A /* AudiobookFile.swift in Sources */ = {isa = PBXBuildFile; fileRef = 514E155624061179008FE28A /* AudiobookFile.swift */; };
		514E157924061661008FE28A /* README.md in Resources */ = {isa = PBXBuildFile; fileRef = 514E157524061661008FE28A /* README.md */; };
		514E158124061A70008FE28A /* Bundle.swift in Sources */ = {isa = PBXBuildFile; fileRef = 514E157F24061A70008FE28A /* Bundle.swift */; };
		514E15A62406FBF2008FE28A /* MP42Foundation.framework in Frameworks */ = {isa = PBXBuildFile; fileRef = 514E15A12406FBDF008FE28A /* MP42Foundation.framework */; };
		514E15A72406FBF2008FE28A /* MP42Foundation.framework in Embed Frameworks */ = {isa = PBXBuildFile; fileRef = 514E15A12406FBDF008FE28A /* MP42Foundation.framework */; settings = {ATTRIBUTES = (CodeSignOnCopy, RemoveHeadersOnCopy, ); }; };
		5151CB14240DC7D2002A7C05 /* testfile-written.mp3 in Resources */ = {isa = PBXBuildFile; fileRef = 5151CB13240DC7D2002A7C05 /* testfile-written.mp3 */; };
		5151CB1A240DFAAC002A7C05 /* testfile-written.m4b in Resources */ = {isa = PBXBuildFile; fileRef = 5151CB19240DFAAC002A7C05 /* testfile-written.m4b */; };
		517AB41D2408FB6D00D88853 /* AudiobookTag.swift in Sources */ = {isa = PBXBuildFile; fileRef = 517AB41C2408FB6D00D88853 /* AudiobookTag.swift */; };
		517AB42B240A451500D88853 /* testfile-blank.m4b in Resources */ = {isa = PBXBuildFile; fileRef = 517AB429240A451400D88853 /* testfile-blank.m4b */; };
		517AB42E240A471000D88853 /* testfile-blank.mp3 in Resources */ = {isa = PBXBuildFile; fileRef = 517AB42D240A471000D88853 /* testfile-blank.mp3 */; };
		517AB436240A53B600D88853 /* ImplementationTests.swift in Sources */ = {isa = PBXBuildFile; fileRef = 517AB435240A53B600D88853 /* ImplementationTests.swift */; };
		51BFCA67241F360F00308EEF /* TagLibPlayground.swift in Sources */ = {isa = PBXBuildFile; fileRef = 51BFCA66241F360F00308EEF /* TagLibPlayground.swift */; };
		51BFCA68241F363B00308EEF /* TagLib.framework in Frameworks */ = {isa = PBXBuildFile; fileRef = 51BFCA5E241F32C900308EEF /* TagLib.framework */; };
		51BFCA69241F363B00308EEF /* TagLib.framework in Embed Frameworks */ = {isa = PBXBuildFile; fileRef = 51BFCA5E241F32C900308EEF /* TagLib.framework */; settings = {ATTRIBUTES = (CodeSignOnCopy, RemoveHeadersOnCopy, ); }; };
/* End PBXBuildFile section */

/* Begin PBXContainerItemProxy section */
		514E1534240610C6008FE28A /* PBXContainerItemProxy */ = {
			isa = PBXContainerItemProxy;
			containerPortal = 514E151B240610C4008FE28A /* Project object */;
			proxyType = 1;
			remoteGlobalIDString = 514E1522240610C4008FE28A;
			remoteInfo = AudiobookTagger;
		};
		514E15A02406FBDF008FE28A /* PBXContainerItemProxy */ = {
			isa = PBXContainerItemProxy;
			containerPortal = 514E159A2406FBDF008FE28A /* MP42Foundation.xcodeproj */;
			proxyType = 2;
			remoteGlobalIDString = A9B9C1ED182391DF00416A4E;
			remoteInfo = MP42Foundation;
		};
		514E15A22406FBDF008FE28A /* PBXContainerItemProxy */ = {
			isa = PBXContainerItemProxy;
			containerPortal = 514E159A2406FBDF008FE28A /* MP42Foundation.xcodeproj */;
			proxyType = 2;
			remoteGlobalIDString = A9B9C204182391DF00416A4E;
			remoteInfo = MP42FoundationTests;
		};
		514E15A42406FBDF008FE28A /* PBXContainerItemProxy */ = {
			isa = PBXContainerItemProxy;
			containerPortal = 514E159A2406FBDF008FE28A /* MP42Foundation.xcodeproj */;
			proxyType = 2;
			remoteGlobalIDString = A910B5A318394E900064028F;
			remoteInfo = mp42;
		};
		51BFCA5D241F32C900308EEF /* PBXContainerItemProxy */ = {
			isa = PBXContainerItemProxy;
			containerPortal = 51BFCA56241F32C900308EEF /* TagLib.xcodeproj */;
			proxyType = 2;
			remoteGlobalIDString = 8DC2EF5B0486A6940098B216;
			remoteInfo = TagLib;
		};
/* End PBXContainerItemProxy section */

/* Begin PBXCopyFilesBuildPhase section */
		514E15A82406FBF2008FE28A /* Embed Frameworks */ = {
			isa = PBXCopyFilesBuildPhase;
			buildActionMask = 2147483647;
			dstPath = "";
			dstSubfolderSpec = 10;
			files = (
				514E15A72406FBF2008FE28A /* MP42Foundation.framework in Embed Frameworks */,
				51BFCA69241F363B00308EEF /* TagLib.framework in Embed Frameworks */,
			);
			name = "Embed Frameworks";
			runOnlyForDeploymentPostprocessing = 0;
		};
/* End PBXCopyFilesBuildPhase section */

/* Begin PBXFileReference section */
		3FFE5BC62410A2E400829F45 /* Date.swift */ = {isa = PBXFileReference; lastKnownFileType = sourcecode.swift; path = Date.swift; sourceTree = "<group>"; };
		3FFE5BCB2410ACDA00829F45 /* DateExtension.swift */ = {isa = PBXFileReference; lastKnownFileType = sourcecode.swift; path = DateExtension.swift; sourceTree = "<group>"; };
		3FFE5BCD2410B12100829F45 /* AudiobookFileError.swift */ = {isa = PBXFileReference; lastKnownFileType = sourcecode.swift; path = AudiobookFileError.swift; sourceTree = "<group>"; };
		5131F2A82410679300EC7DF4 /* DateFormatterExtension.swift */ = {isa = PBXFileReference; lastKnownFileType = sourcecode.swift; path = DateFormatterExtension.swift; sourceTree = "<group>"; };
		51332FEF2410B7C500F7E0D2 /* testfile-chaptered.mp3 */ = {isa = PBXFileReference; lastKnownFileType = audio.mp3; path = "testfile-chaptered.mp3"; sourceTree = "<group>"; };
		51332FF02410B7C500F7E0D2 /* testfile-chaptered.m4b */ = {isa = PBXFileReference; lastKnownFileType = file; path = "testfile-chaptered.m4b"; sourceTree = "<group>"; };
		514E1523240610C5008FE28A /* AudiobookTagger.app */ = {isa = PBXFileReference; explicitFileType = wrapper.application; includeInIndex = 0; path = AudiobookTagger.app; sourceTree = BUILT_PRODUCTS_DIR; };
		514E1526240610C5008FE28A /* AppDelegate.swift */ = {isa = PBXFileReference; lastKnownFileType = sourcecode.swift; path = AppDelegate.swift; sourceTree = "<group>"; };
		514E1528240610C6008FE28A /* Assets.xcassets */ = {isa = PBXFileReference; lastKnownFileType = folder.assetcatalog; path = Assets.xcassets; sourceTree = "<group>"; };
		514E152D240610C6008FE28A /* Info.plist */ = {isa = PBXFileReference; lastKnownFileType = text.plist.xml; path = Info.plist; sourceTree = "<group>"; };
		514E1533240610C6008FE28A /* AudiobookTaggerTests.xctest */ = {isa = PBXFileReference; explicitFileType = wrapper.cfbundle; includeInIndex = 0; path = AudiobookTaggerTests.xctest; sourceTree = BUILT_PRODUCTS_DIR; };
		514E1539240610C6008FE28A /* Info.plist */ = {isa = PBXFileReference; lastKnownFileType = text.plist.xml; path = Info.plist; sourceTree = "<group>"; };
		514E155124061179008FE28A /* WriteTesterViewController.swift */ = {isa = PBXFileReference; fileEncoding = 4; lastKnownFileType = sourcecode.swift; path = WriteTesterViewController.swift; sourceTree = "<group>"; };
		514E155224061179008FE28A /* WriteTester.storyboard */ = {isa = PBXFileReference; fileEncoding = 4; lastKnownFileType = file.storyboard; path = WriteTester.storyboard; sourceTree = "<group>"; };
		514E155324061179008FE28A /* AudiobookType.swift */ = {isa = PBXFileReference; fileEncoding = 4; lastKnownFileType = sourcecode.swift; path = AudiobookType.swift; sourceTree = "<group>"; };
		514E155524061179008FE28A /* AudiobookTagger.entitlements */ = {isa = PBXFileReference; fileEncoding = 4; lastKnownFileType = text.plist.entitlements; path = AudiobookTagger.entitlements; sourceTree = "<group>"; };
		514E155624061179008FE28A /* AudiobookFile.swift */ = {isa = PBXFileReference; fileEncoding = 4; lastKnownFileType = sourcecode.swift; path = AudiobookFile.swift; sourceTree = "<group>"; };
		514E157524061661008FE28A /* README.md */ = {isa = PBXFileReference; fileEncoding = 4; lastKnownFileType = net.daringfireball.markdown; path = README.md; sourceTree = "<group>"; };
		514E157F24061A70008FE28A /* Bundle.swift */ = {isa = PBXFileReference; fileEncoding = 4; lastKnownFileType = sourcecode.swift; path = Bundle.swift; sourceTree = "<group>"; };
		514E159A2406FBDF008FE28A /* MP42Foundation.xcodeproj */ = {isa = PBXFileReference; lastKnownFileType = "wrapper.pb-project"; name = MP42Foundation.xcodeproj; path = mp42foundation/MP42Foundation.xcodeproj; sourceTree = "<group>"; };
		5151CB13240DC7D2002A7C05 /* testfile-written.mp3 */ = {isa = PBXFileReference; lastKnownFileType = audio.mp3; path = "testfile-written.mp3"; sourceTree = "<group>"; };
		5151CB19240DFAAC002A7C05 /* testfile-written.m4b */ = {isa = PBXFileReference; lastKnownFileType = file; path = "testfile-written.m4b"; sourceTree = "<group>"; };
		517AB41C2408FB6D00D88853 /* AudiobookTag.swift */ = {isa = PBXFileReference; lastKnownFileType = sourcecode.swift; path = AudiobookTag.swift; sourceTree = "<group>"; };
		517AB429240A451400D88853 /* testfile-blank.m4b */ = {isa = PBXFileReference; lastKnownFileType = file; path = "testfile-blank.m4b"; sourceTree = "<group>"; };
		517AB42D240A471000D88853 /* testfile-blank.mp3 */ = {isa = PBXFileReference; lastKnownFileType = audio.mp3; path = "testfile-blank.mp3"; sourceTree = "<group>"; };
		517AB435240A53B600D88853 /* ImplementationTests.swift */ = {isa = PBXFileReference; lastKnownFileType = sourcecode.swift; path = ImplementationTests.swift; sourceTree = "<group>"; };
		51BFCA56241F32C900308EEF /* TagLib.xcodeproj */ = {isa = PBXFileReference; lastKnownFileType = "wrapper.pb-project"; name = TagLib.xcodeproj; path = TagLib/TagLib.xcodeproj; sourceTree = "<group>"; };
		51BFCA66241F360F00308EEF /* TagLibPlayground.swift */ = {isa = PBXFileReference; lastKnownFileType = sourcecode.swift; path = TagLibPlayground.swift; sourceTree = "<group>"; };
/* End PBXFileReference section */

/* Begin PBXFrameworksBuildPhase section */
		514E1520240610C4008FE28A /* Frameworks */ = {
			isa = PBXFrameworksBuildPhase;
			buildActionMask = 2147483647;
			files = (
				514E15A62406FBF2008FE28A /* MP42Foundation.framework in Frameworks */,
				51BFCA68241F363B00308EEF /* TagLib.framework in Frameworks */,
			);
			runOnlyForDeploymentPostprocessing = 0;
		};
		514E1530240610C6008FE28A /* Frameworks */ = {
			isa = PBXFrameworksBuildPhase;
			buildActionMask = 2147483647;
			files = (
			);
			runOnlyForDeploymentPostprocessing = 0;
		};
/* End PBXFrameworksBuildPhase section */

/* Begin PBXGroup section */
		514E151A240610C4008FE28A = {
			isa = PBXGroup;
			children = (
				514E157524061661008FE28A /* README.md */,
				514E1525240610C5008FE28A /* AudiobookTagger */,
				514E1536240610C6008FE28A /* AudiobookTaggerTests */,
				514E1524240610C5008FE28A /* Products */,
				514E155C240611CD008FE28A /* Frameworks */,
			);
			sourceTree = "<group>";
		};
		514E1524240610C5008FE28A /* Products */ = {
			isa = PBXGroup;
			children = (
				514E1523240610C5008FE28A /* AudiobookTagger.app */,
				514E1533240610C6008FE28A /* AudiobookTaggerTests.xctest */,
			);
			name = Products;
			sourceTree = "<group>";
		};
		514E1525240610C5008FE28A /* AudiobookTagger */ = {
			isa = PBXGroup;
			children = (
				514E155624061179008FE28A /* AudiobookFile.swift */,
				3FFE5BCD2410B12100829F45 /* AudiobookFileError.swift */,
				517AB41C2408FB6D00D88853 /* AudiobookTag.swift */,
				514E155324061179008FE28A /* AudiobookType.swift */,
				514E1526240610C5008FE28A /* AppDelegate.swift */,
				514E1528240610C6008FE28A /* Assets.xcassets */,
				514E152D240610C6008FE28A /* Info.plist */,
				514E155524061179008FE28A /* AudiobookTagger.entitlements */,
				514E155024061179008FE28A /* WritingTestApp */,
				5131F2A82410679300EC7DF4 /* DateFormatterExtension.swift */,
				3FFE5BCB2410ACDA00829F45 /* DateExtension.swift */,
			);
			path = AudiobookTagger;
			sourceTree = "<group>";
		};
		514E1536240610C6008FE28A /* AudiobookTaggerTests */ = {
			isa = PBXGroup;
			children = (
				517AB435240A53B600D88853 /* ImplementationTests.swift */,
				3FFE5BC62410A2E400829F45 /* Date.swift */,
				514E156D24061579008FE28A /* TestMedia */,
				514E1539240610C6008FE28A /* Info.plist */,
				51BFCA66241F360F00308EEF /* TagLibPlayground.swift */,
			);
			path = AudiobookTaggerTests;
			sourceTree = "<group>";
		};
		514E155024061179008FE28A /* WritingTestApp */ = {
			isa = PBXGroup;
			children = (
				514E155124061179008FE28A /* WriteTesterViewController.swift */,
				514E155224061179008FE28A /* WriteTester.storyboard */,
			);
			path = WritingTestApp;
			sourceTree = "<group>";
		};
		514E155C240611CD008FE28A /* Frameworks */ = {
			isa = PBXGroup;
			children = (
				51BFCA56241F32C900308EEF /* TagLib.xcodeproj */,
				514E159A2406FBDF008FE28A /* MP42Foundation.xcodeproj */,
			);
			name = Frameworks;
			sourceTree = "<group>";
		};
		514E156D24061579008FE28A /* TestMedia */ = {
			isa = PBXGroup;
			children = (
				514E157F24061A70008FE28A /* Bundle.swift */,
				517AB42D240A471000D88853 /* testfile-blank.mp3 */,
				517AB429240A451400D88853 /* testfile-blank.m4b */,
				5151CB19240DFAAC002A7C05 /* testfile-written.m4b */,
				5151CB13240DC7D2002A7C05 /* testfile-written.mp3 */,
				51332FF02410B7C500F7E0D2 /* testfile-chaptered.m4b */,
				51332FEF2410B7C500F7E0D2 /* testfile-chaptered.mp3 */,
			);
			path = TestMedia;
			sourceTree = "<group>";
		};
		514E159B2406FBDF008FE28A /* Products */ = {
			isa = PBXGroup;
			children = (
				514E15A12406FBDF008FE28A /* MP42Foundation.framework */,
				514E15A32406FBDF008FE28A /* MP42FoundationFoundationTests.xctest */,
				514E15A52406FBDF008FE28A /* libmp42.a */,
			);
			name = Products;
			sourceTree = "<group>";
		};
		51BFCA57241F32C900308EEF /* Products */ = {
			isa = PBXGroup;
			children = (
				51BFCA5E241F32C900308EEF /* TagLib.framework */,
			);
			name = Products;
			sourceTree = "<group>";
		};
/* End PBXGroup section */

/* Begin PBXNativeTarget section */
		514E1522240610C4008FE28A /* AudiobookTagger */ = {
			isa = PBXNativeTarget;
			buildConfigurationList = 514E1547240610C6008FE28A /* Build configuration list for PBXNativeTarget "AudiobookTagger" */;
			buildPhases = (
				514E151F240610C4008FE28A /* Sources */,
				514E1520240610C4008FE28A /* Frameworks */,
				514E1521240610C4008FE28A /* Resources */,
				514E15A82406FBF2008FE28A /* Embed Frameworks */,
			);
			buildRules = (
			);
			dependencies = (
			);
			name = AudiobookTagger;
			packageProductDependencies = (
			);
			productName = AudiobookTagger;
			productReference = 514E1523240610C5008FE28A /* AudiobookTagger.app */;
			productType = "com.apple.product-type.application";
		};
		514E1532240610C6008FE28A /* AudiobookTaggerTests */ = {
			isa = PBXNativeTarget;
			buildConfigurationList = 514E154A240610C6008FE28A /* Build configuration list for PBXNativeTarget "AudiobookTaggerTests" */;
			buildPhases = (
				514E152F240610C6008FE28A /* Sources */,
				514E1530240610C6008FE28A /* Frameworks */,
				514E1531240610C6008FE28A /* Resources */,
			);
			buildRules = (
			);
			dependencies = (
				514E1535240610C6008FE28A /* PBXTargetDependency */,
			);
			name = AudiobookTaggerTests;
			productName = AudiobookTaggerTests;
			productReference = 514E1533240610C6008FE28A /* AudiobookTaggerTests.xctest */;
			productType = "com.apple.product-type.bundle.unit-test";
		};
/* End PBXNativeTarget section */

/* Begin PBXProject section */
		514E151B240610C4008FE28A /* Project object */ = {
			isa = PBXProject;
			attributes = {
				LastSwiftUpdateCheck = 1130;
				LastUpgradeCheck = 1130;
				ORGANIZATIONNAME = "Nolaine Crusher";
				TargetAttributes = {
					514E1522240610C4008FE28A = {
						CreatedOnToolsVersion = 11.3.1;
					};
					514E1532240610C6008FE28A = {
						CreatedOnToolsVersion = 11.3.1;
						LastSwiftMigration = 1130;
						TestTargetID = 514E1522240610C4008FE28A;
					};
				};
			};
			buildConfigurationList = 514E151E240610C4008FE28A /* Build configuration list for PBXProject "AudiobookTagger" */;
			compatibilityVersion = "Xcode 9.3";
			developmentRegion = en;
			hasScannedForEncodings = 0;
			knownRegions = (
				en,
				Base,
			);
			mainGroup = 514E151A240610C4008FE28A;
			packageReferences = (
			);
			productRefGroup = 514E1524240610C5008FE28A /* Products */;
			projectDirPath = "";
			projectReferences = (
				{
					ProductGroup = 514E159B2406FBDF008FE28A /* Products */;
					ProjectRef = 514E159A2406FBDF008FE28A /* MP42Foundation.xcodeproj */;
				},
				{
					ProductGroup = 51BFCA57241F32C900308EEF /* Products */;
					ProjectRef = 51BFCA56241F32C900308EEF /* TagLib.xcodeproj */;
				},
			);
			projectRoot = "";
			targets = (
				514E1522240610C4008FE28A /* AudiobookTagger */,
				514E1532240610C6008FE28A /* AudiobookTaggerTests */,
			);
		};
/* End PBXProject section */

/* Begin PBXReferenceProxy section */
		514E15A12406FBDF008FE28A /* MP42Foundation.framework */ = {
			isa = PBXReferenceProxy;
			fileType = wrapper.framework;
			path = MP42Foundation.framework;
			remoteRef = 514E15A02406FBDF008FE28A /* PBXContainerItemProxy */;
			sourceTree = BUILT_PRODUCTS_DIR;
		};
		514E15A32406FBDF008FE28A /* MP42FoundationFoundationTests.xctest */ = {
			isa = PBXReferenceProxy;
			fileType = wrapper.cfbundle;
			path = MP42FoundationFoundationTests.xctest;
			remoteRef = 514E15A22406FBDF008FE28A /* PBXContainerItemProxy */;
			sourceTree = BUILT_PRODUCTS_DIR;
		};
		514E15A52406FBDF008FE28A /* libmp42.a */ = {
			isa = PBXReferenceProxy;
			fileType = archive.ar;
			path = libmp42.a;
			remoteRef = 514E15A42406FBDF008FE28A /* PBXContainerItemProxy */;
			sourceTree = BUILT_PRODUCTS_DIR;
		};
		51BFCA5E241F32C900308EEF /* TagLib.framework */ = {
			isa = PBXReferenceProxy;
			fileType = wrapper.framework;
			path = TagLib.framework;
			remoteRef = 51BFCA5D241F32C900308EEF /* PBXContainerItemProxy */;
			sourceTree = BUILT_PRODUCTS_DIR;
		};
/* End PBXReferenceProxy section */

/* Begin PBXResourcesBuildPhase section */
		514E1521240610C4008FE28A /* Resources */ = {
			isa = PBXResourcesBuildPhase;
			buildActionMask = 2147483647;
			files = (
				514E157924061661008FE28A /* README.md in Resources */,
				514E1529240610C6008FE28A /* Assets.xcassets in Resources */,
				514E155824061179008FE28A /* WriteTester.storyboard in Resources */,
			);
			runOnlyForDeploymentPostprocessing = 0;
		};
		514E1531240610C6008FE28A /* Resources */ = {
			isa = PBXResourcesBuildPhase;
			buildActionMask = 2147483647;
			files = (
				51332FF22410B7C500F7E0D2 /* testfile-chaptered.m4b in Resources */,
				5151CB14240DC7D2002A7C05 /* testfile-written.mp3 in Resources */,
				517AB42E240A471000D88853 /* testfile-blank.mp3 in Resources */,
				517AB42B240A451500D88853 /* testfile-blank.m4b in Resources */,
				5151CB1A240DFAAC002A7C05 /* testfile-written.m4b in Resources */,
				51332FF12410B7C500F7E0D2 /* testfile-chaptered.mp3 in Resources */,
			);
			runOnlyForDeploymentPostprocessing = 0;
		};
/* End PBXResourcesBuildPhase section */

/* Begin PBXSourcesBuildPhase section */
		514E151F240610C4008FE28A /* Sources */ = {
			isa = PBXSourcesBuildPhase;
			buildActionMask = 2147483647;
			files = (
				514E155B24061179008FE28A /* AudiobookFile.swift in Sources */,
				3FFE5BCE2410B12100829F45 /* AudiobookFileError.swift in Sources */,
				514E1527240610C5008FE28A /* AppDelegate.swift in Sources */,
				3FFE5BCC2410ACDA00829F45 /* DateExtension.swift in Sources */,
				514E155924061179008FE28A /* AudiobookType.swift in Sources */,
				517AB41D2408FB6D00D88853 /* AudiobookTag.swift in Sources */,
				514E155724061179008FE28A /* WriteTesterViewController.swift in Sources */,
				5131F2A92410679300EC7DF4 /* DateFormatterExtension.swift in Sources */,
			);
			runOnlyForDeploymentPostprocessing = 0;
		};
		514E152F240610C6008FE28A /* Sources */ = {
			isa = PBXSourcesBuildPhase;
			buildActionMask = 2147483647;
			files = (
				517AB436240A53B600D88853 /* ImplementationTests.swift in Sources */,
				51BFCA67241F360F00308EEF /* TagLibPlayground.swift in Sources */,
				514E158124061A70008FE28A /* Bundle.swift in Sources */,
				3FFE5BC72410A2E400829F45 /* Date.swift in Sources */,
			);
			runOnlyForDeploymentPostprocessing = 0;
		};
/* End PBXSourcesBuildPhase section */

/* Begin PBXTargetDependency section */
		514E1535240610C6008FE28A /* PBXTargetDependency */ = {
			isa = PBXTargetDependency;
			target = 514E1522240610C4008FE28A /* AudiobookTagger */;
			targetProxy = 514E1534240610C6008FE28A /* PBXContainerItemProxy */;
		};
/* End PBXTargetDependency section */

/* Begin XCBuildConfiguration section */
		514E1545240610C6008FE28A /* Debug */ = {
			isa = XCBuildConfiguration;
			buildSettings = {
				ALWAYS_SEARCH_USER_PATHS = NO;
				CLANG_ANALYZER_NONNULL = YES;
				CLANG_ANALYZER_NUMBER_OBJECT_CONVERSION = YES_AGGRESSIVE;
				CLANG_CXX_LANGUAGE_STANDARD = "gnu++14";
				CLANG_CXX_LIBRARY = "libc++";
				CLANG_ENABLE_MODULES = YES;
				CLANG_ENABLE_OBJC_ARC = YES;
				CLANG_ENABLE_OBJC_WEAK = YES;
				CLANG_WARN_BLOCK_CAPTURE_AUTORELEASING = YES;
				CLANG_WARN_BOOL_CONVERSION = YES;
				CLANG_WARN_COMMA = YES;
				CLANG_WARN_CONSTANT_CONVERSION = YES;
				CLANG_WARN_DEPRECATED_OBJC_IMPLEMENTATIONS = YES;
				CLANG_WARN_DIRECT_OBJC_ISA_USAGE = YES_ERROR;
				CLANG_WARN_DOCUMENTATION_COMMENTS = YES;
				CLANG_WARN_EMPTY_BODY = YES;
				CLANG_WARN_ENUM_CONVERSION = YES;
				CLANG_WARN_INFINITE_RECURSION = YES;
				CLANG_WARN_INT_CONVERSION = YES;
				CLANG_WARN_NON_LITERAL_NULL_CONVERSION = YES;
				CLANG_WARN_OBJC_IMPLICIT_RETAIN_SELF = YES;
				CLANG_WARN_OBJC_LITERAL_CONVERSION = YES;
				CLANG_WARN_OBJC_ROOT_CLASS = YES_ERROR;
				CLANG_WARN_RANGE_LOOP_ANALYSIS = YES;
				CLANG_WARN_STRICT_PROTOTYPES = YES;
				CLANG_WARN_SUSPICIOUS_MOVE = YES;
				CLANG_WARN_UNGUARDED_AVAILABILITY = YES_AGGRESSIVE;
				CLANG_WARN_UNREACHABLE_CODE = YES;
				CLANG_WARN__DUPLICATE_METHOD_MATCH = YES;
				COPY_PHASE_STRIP = NO;
				DEBUG_INFORMATION_FORMAT = dwarf;
				ENABLE_STRICT_OBJC_MSGSEND = YES;
				ENABLE_TESTABILITY = YES;
				GCC_C_LANGUAGE_STANDARD = gnu11;
				GCC_DYNAMIC_NO_PIC = NO;
				GCC_NO_COMMON_BLOCKS = YES;
				GCC_OPTIMIZATION_LEVEL = 0;
				GCC_PREPROCESSOR_DEFINITIONS = (
					"DEBUG=1",
					"$(inherited)",
				);
				GCC_WARN_64_TO_32_BIT_CONVERSION = YES;
				GCC_WARN_ABOUT_RETURN_TYPE = YES_ERROR;
				GCC_WARN_UNDECLARED_SELECTOR = YES;
				GCC_WARN_UNINITIALIZED_AUTOS = YES_AGGRESSIVE;
				GCC_WARN_UNUSED_FUNCTION = YES;
				GCC_WARN_UNUSED_VARIABLE = YES;
				MACOSX_DEPLOYMENT_TARGET = 10.15;
				MTL_ENABLE_DEBUG_INFO = INCLUDE_SOURCE;
				MTL_FAST_MATH = YES;
				ONLY_ACTIVE_ARCH = YES;
				SDKROOT = macosx;
				SWIFT_ACTIVE_COMPILATION_CONDITIONS = DEBUG;
				SWIFT_OPTIMIZATION_LEVEL = "-Onone";
			};
			name = Debug;
		};
		514E1546240610C6008FE28A /* Release */ = {
			isa = XCBuildConfiguration;
			buildSettings = {
				ALWAYS_SEARCH_USER_PATHS = NO;
				CLANG_ANALYZER_NONNULL = YES;
				CLANG_ANALYZER_NUMBER_OBJECT_CONVERSION = YES_AGGRESSIVE;
				CLANG_CXX_LANGUAGE_STANDARD = "gnu++14";
				CLANG_CXX_LIBRARY = "libc++";
				CLANG_ENABLE_MODULES = YES;
				CLANG_ENABLE_OBJC_ARC = YES;
				CLANG_ENABLE_OBJC_WEAK = YES;
				CLANG_WARN_BLOCK_CAPTURE_AUTORELEASING = YES;
				CLANG_WARN_BOOL_CONVERSION = YES;
				CLANG_WARN_COMMA = YES;
				CLANG_WARN_CONSTANT_CONVERSION = YES;
				CLANG_WARN_DEPRECATED_OBJC_IMPLEMENTATIONS = YES;
				CLANG_WARN_DIRECT_OBJC_ISA_USAGE = YES_ERROR;
				CLANG_WARN_DOCUMENTATION_COMMENTS = YES;
				CLANG_WARN_EMPTY_BODY = YES;
				CLANG_WARN_ENUM_CONVERSION = YES;
				CLANG_WARN_INFINITE_RECURSION = YES;
				CLANG_WARN_INT_CONVERSION = YES;
				CLANG_WARN_NON_LITERAL_NULL_CONVERSION = YES;
				CLANG_WARN_OBJC_IMPLICIT_RETAIN_SELF = YES;
				CLANG_WARN_OBJC_LITERAL_CONVERSION = YES;
				CLANG_WARN_OBJC_ROOT_CLASS = YES_ERROR;
				CLANG_WARN_RANGE_LOOP_ANALYSIS = YES;
				CLANG_WARN_STRICT_PROTOTYPES = YES;
				CLANG_WARN_SUSPICIOUS_MOVE = YES;
				CLANG_WARN_UNGUARDED_AVAILABILITY = YES_AGGRESSIVE;
				CLANG_WARN_UNREACHABLE_CODE = YES;
				CLANG_WARN__DUPLICATE_METHOD_MATCH = YES;
				COPY_PHASE_STRIP = NO;
				DEBUG_INFORMATION_FORMAT = "dwarf-with-dsym";
				ENABLE_NS_ASSERTIONS = NO;
				ENABLE_STRICT_OBJC_MSGSEND = YES;
				GCC_C_LANGUAGE_STANDARD = gnu11;
				GCC_NO_COMMON_BLOCKS = YES;
				GCC_WARN_64_TO_32_BIT_CONVERSION = YES;
				GCC_WARN_ABOUT_RETURN_TYPE = YES_ERROR;
				GCC_WARN_UNDECLARED_SELECTOR = YES;
				GCC_WARN_UNINITIALIZED_AUTOS = YES_AGGRESSIVE;
				GCC_WARN_UNUSED_FUNCTION = YES;
				GCC_WARN_UNUSED_VARIABLE = YES;
				MACOSX_DEPLOYMENT_TARGET = 10.15;
				MTL_ENABLE_DEBUG_INFO = NO;
				MTL_FAST_MATH = YES;
				SDKROOT = macosx;
				SWIFT_COMPILATION_MODE = wholemodule;
				SWIFT_OPTIMIZATION_LEVEL = "-O";
			};
			name = Release;
		};
		514E1548240610C6008FE28A /* Debug */ = {
			isa = XCBuildConfiguration;
			buildSettings = {
				ASSETCATALOG_COMPILER_APPICON_NAME = AppIcon;
				CODE_SIGN_ENTITLEMENTS = AudiobookTagger/AudiobookTagger.entitlements;
				CODE_SIGN_IDENTITY = "-";
				CODE_SIGN_STYLE = Automatic;
				COMBINE_HIDPI_IMAGES = YES;
				INFOPLIST_FILE = AudiobookTagger/Info.plist;
				LD_RUNPATH_SEARCH_PATHS = (
					"$(inherited)",
					"@executable_path/../Frameworks",
				);
				PRODUCT_BUNDLE_IDENTIFIER = com.NCrusher.AudiobookTagger;
				PRODUCT_NAME = "$(TARGET_NAME)";
				SWIFT_VERSION = 5.0;
			};
			name = Debug;
		};
		514E1549240610C6008FE28A /* Release */ = {
			isa = XCBuildConfiguration;
			buildSettings = {
				ASSETCATALOG_COMPILER_APPICON_NAME = AppIcon;
				CODE_SIGN_ENTITLEMENTS = AudiobookTagger/AudiobookTagger.entitlements;
				CODE_SIGN_IDENTITY = "-";
				CODE_SIGN_STYLE = Automatic;
				COMBINE_HIDPI_IMAGES = YES;
				INFOPLIST_FILE = AudiobookTagger/Info.plist;
				LD_RUNPATH_SEARCH_PATHS = (
					"$(inherited)",
					"@executable_path/../Frameworks",
				);
				PRODUCT_BUNDLE_IDENTIFIER = com.NCrusher.AudiobookTagger;
				PRODUCT_NAME = "$(TARGET_NAME)";
				SWIFT_VERSION = 5.0;
			};
			name = Release;
		};
		514E154B240610C6008FE28A /* Debug */ = {
			isa = XCBuildConfiguration;
			buildSettings = {
				ALWAYS_EMBED_SWIFT_STANDARD_LIBRARIES = YES;
				BUNDLE_LOADER = "$(TEST_HOST)";
				CLANG_ENABLE_MODULES = YES;
				CODE_SIGN_STYLE = Automatic;
				COMBINE_HIDPI_IMAGES = YES;
				INFOPLIST_FILE = AudiobookTaggerTests/Info.plist;
				LD_RUNPATH_SEARCH_PATHS = (
					"$(inherited)",
					"@executable_path/../Frameworks",
					"@loader_path/../Frameworks",
				);
				MACOSX_DEPLOYMENT_TARGET = 10.15;
				PRODUCT_BUNDLE_IDENTIFIER = com.NCrusher.AudiobookTaggerTests;
				PRODUCT_NAME = "$(TARGET_NAME)";
				SWIFT_OPTIMIZATION_LEVEL = "-Onone";
				SWIFT_VERSION = 5.0;
				TEST_HOST = "$(BUILT_PRODUCTS_DIR)/AudiobookTagger.app/Contents/MacOS/AudiobookTagger";
			};
			name = Debug;
		};
		514E154C240610C6008FE28A /* Release */ = {
			isa = XCBuildConfiguration;
			buildSettings = {
				ALWAYS_EMBED_SWIFT_STANDARD_LIBRARIES = YES;
				BUNDLE_LOADER = "$(TEST_HOST)";
				CLANG_ENABLE_MODULES = YES;
				CODE_SIGN_STYLE = Automatic;
				COMBINE_HIDPI_IMAGES = YES;
				INFOPLIST_FILE = AudiobookTaggerTests/Info.plist;
				LD_RUNPATH_SEARCH_PATHS = (
					"$(inherited)",
					"@executable_path/../Frameworks",
					"@loader_path/../Frameworks",
				);
				MACOSX_DEPLOYMENT_TARGET = 10.15;
				PRODUCT_BUNDLE_IDENTIFIER = com.NCrusher.AudiobookTaggerTests;
				PRODUCT_NAME = "$(TARGET_NAME)";
				SWIFT_VERSION = 5.0;
				TEST_HOST = "$(BUILT_PRODUCTS_DIR)/AudiobookTagger.app/Contents/MacOS/AudiobookTagger";
			};
			name = Release;
		};
/* End XCBuildConfiguration section */

/* Begin XCConfigurationList section */
		514E151E240610C4008FE28A /* Build configuration list for PBXProject "AudiobookTagger" */ = {
			isa = XCConfigurationList;
			buildConfigurations = (
				514E1545240610C6008FE28A /* Debug */,
				514E1546240610C6008FE28A /* Release */,
			);
			defaultConfigurationIsVisible = 0;
			defaultConfigurationName = Release;
		};
		514E1547240610C6008FE28A /* Build configuration list for PBXNativeTarget "AudiobookTagger" */ = {
			isa = XCConfigurationList;
			buildConfigurations = (
				514E1548240610C6008FE28A /* Debug */,
				514E1549240610C6008FE28A /* Release */,
			);
			defaultConfigurationIsVisible = 0;
			defaultConfigurationName = Release;
		};
		514E154A240610C6008FE28A /* Build configuration list for PBXNativeTarget "AudiobookTaggerTests" */ = {
			isa = XCConfigurationList;
			buildConfigurations = (
				514E154B240610C6008FE28A /* Debug */,
				514E154C240610C6008FE28A /* Release */,
			);
			defaultConfigurationIsVisible = 0;
			defaultConfigurationName = Release;
		};
/* End XCConfigurationList section */
	};
	rootObject = 514E151B240610C4008FE28A /* Project object */;
}
