{
  "object": {
    "pins": [
      {
        "package": "ID3TagEditor",
        "repositoryURL": "https://github.com/NCrusher74/ID3TagEditor.git",
        "state": {
          "branch": "lyrics-comments-language",
          "revision": "82bb7d4f50393e9593099c49402535a156f0a95a",
          "version": null
        }
      },
      {
        "package": "TagLib",
        "repositoryURL": "https://github.com/NCrusher74/TagLib-SPM",
        "state": {
          "branch": "minor-changes-to-frames",
          "revision": "16f3619020222d9d3d3418aa1d6701992077c8e2",
          "version": null
        }
      },
      {
        "package": "TagLibKit",
        "repositoryURL": "https://github.com/NCrusher74/TagLibKit.git",
        "state": {
          "branch": "swift-tagger-custom",
          "revision": "83a59ef704cd68cb55bc6347617d89df26b3bcc2",
          "version": null
        }
      }
    ]
  },
  "version": 1
}
