{
  "object": {
    "pins": [
      {
        "package": "ID3TagEditor",
        "repositoryURL": "https://github.com/NCrusher74/ID3TagEditor.git",
        "state": {
          "branch": "lyrics-comments-language",
          "revision": "483735aa1762017ff9a78a62317878c21842e7d9",
          "version": null
        }
      }
    ]
  },
  "version": 1
}
